
Microsoft Visual Studio Solution File, Format Version 12.00
Project("{FAE04EC0-301F-11D3-BF4B-00C04F79EFBC}") = "SplitKeebsCommunicator", "SplitKeebsCommunicator\SplitKeebsCommunicator.csproj", "{C9A4B16D-CEDB-4611-BD5F-7164117FAEBD}"
EndProject
Project("{FAE04EC0-301F-11D3-BF4B-00C04F79EFBC}") = "SplitKeebsCommunicator.HID", "SplitKeebsCommunicator.HID\SplitKeebsCommunicator.HID.csproj", "{8BEC3DF0-C17C-4176-A946-38B234433D9E}"
EndProject
Project("{2150E333-8FDC-42A3-9474-1A3956D46DE8}") = "Tests", "Tests", "{2A707CF3-CC8D-4252-818D-50C532B4252B}"
EndProject
Project("{FAE04EC0-301F-11D3-BF4B-00C04F79EFBC}") = "SplitKeebsCommunicator.Example", "SplitKeebsCommunicator.Example\SplitKeebsCommunicator.Example.csproj", "{413DF947-F709-4B22-B0C4-B24C4AE273B8}"
EndProject
Global
	GlobalSection(SolutionConfigurationPlatforms) = preSolution
		Debug|Any CPU = Debug|Any CPU
		Release|Any CPU = Release|Any CPU
	EndGlobalSection
	GlobalSection(ProjectConfigurationPlatforms) = postSolution
		{C9A4B16D-CEDB-4611-BD5F-7164117FAEBD}.Debug|Any CPU.ActiveCfg = Debug|Any CPU
		{C9A4B16D-CEDB-4611-BD5F-7164117FAEBD}.Debug|Any CPU.Build.0 = Debug|Any CPU
		{C9A4B16D-CEDB-4611-BD5F-7164117FAEBD}.Release|Any CPU.ActiveCfg = Release|Any CPU
		{C9A4B16D-CEDB-4611-BD5F-7164117FAEBD}.Release|Any CPU.Build.0 = Release|Any CPU
		{8BEC3DF0-C17C-4176-A946-38B234433D9E}.Debug|Any CPU.ActiveCfg = Debug|Any CPU
		{8BEC3DF0-C17C-4176-A946-38B234433D9E}.Debug|Any CPU.Build.0 = Debug|Any CPU
		{8BEC3DF0-C17C-4176-A946-38B234433D9E}.Release|Any CPU.ActiveCfg = Release|Any CPU
		{8BEC3DF0-C17C-4176-A946-38B234433D9E}.Release|Any CPU.Build.0 = Release|Any CPU
		{413DF947-F709-4B22-B0C4-B24C4AE273B8}.Debug|Any CPU.ActiveCfg = Debug|Any CPU
		{413DF947-F709-4B22-B0C4-B24C4AE273B8}.Debug|Any CPU.Build.0 = Debug|Any CPU
		{413DF947-F709-4B22-B0C4-B24C4AE273B8}.Release|Any CPU.ActiveCfg = Release|Any CPU
		{413DF947-F709-4B22-B0C4-B24C4AE273B8}.Release|Any CPU.Build.0 = Release|Any CPU
	EndGlobalSection
EndGlobal
